<?xml version="1.0" encoding="utf-8"?>
<Project ToolsVersion="4.0" xmlns="http://schemas.microsoft.com/developer/msbuild/2003">
  <ItemGroup>
    <Filter Include="Source Files">
      <UniqueIdentifier>{acdde2b4-3be6-4704-b1e6-2a06bf157241}</UniqueIdentifier>
      <Extensions>cpp;c;cxx;rc;def;r;odl;idl;hpj;bat</Extensions>
    </Filter>
    <Filter Include="Source Files\ui">
      <UniqueIdentifier>{bb97ac22-1e0b-4bec-ba7b-efb44cd358f9}</UniqueIdentifier>
      <Extensions>cpp;c;cxx;rc;def;r;odl;idl;hpj;bat</Extensions>
    </Filter>
    <Filter Include="Source Files\fileio">
      <UniqueIdentifier>{eca693d1-8bd9-4fcc-a88b-855b5979a7ec}</UniqueIdentifier>
      <Extensions>cpp;c;cxx;rc;def;r;odl;idl;hpj;bat</Extensions>
    </Filter>
    <Filter Include="Source Files\vecmath">
      <UniqueIdentifier>{ddd9dede-203b-4f6c-938d-34b3704ee888}</UniqueIdentifier>
      <Extensions>cpp;c;cxx;rc;def;r;odl;idl;hpj;bat</Extensions>
    </Filter>
    <Filter Include="Source Files\scene">
      <UniqueIdentifier>{9b62173b-ac53-4198-af41-9d9a6766a5fb}</UniqueIdentifier>
      <Extensions>cpp;c;cxx;rc;def;r;odl;idl;hpj;bat</Extensions>
    </Filter>
    <Filter Include="Source Files\SceneObjects">
      <UniqueIdentifier>{ee5fd472-5eb7-4458-add6-0f2d1cc8e457}</UniqueIdentifier>
    </Filter>
    <Filter Include="Header Files">
      <UniqueIdentifier>{cde403a0-9bec-4d8f-bd69-ffc8e765ebac}</UniqueIdentifier>
      <Extensions>h;hpp;hxx;hm;inl</Extensions>
    </Filter>
    <Filter Include="Header Files\ui.">
      <UniqueIdentifier>{c745dffb-4414-48e1-93a8-3cae0e5bd6a3}</UniqueIdentifier>
      <Extensions>h;hpp;hxx;hm;inl</Extensions>
    </Filter>
    <Filter Include="Header Files\fileio.">
      <UniqueIdentifier>{c7ac7f4f-53bd-4e9e-ab57-d02f51934dae}</UniqueIdentifier>
      <Extensions>h;hpp;hxx;hm;inl</Extensions>
    </Filter>
    <Filter Include="Header Files\vecmath.">
      <UniqueIdentifier>{d806513a-dd6f-4ed1-bc9e-2e2b4cbda4c9}</UniqueIdentifier>
      <Extensions>h;hpp;hxx;hm;inl</Extensions>
    </Filter>
    <Filter Include="Header Files\scene.">
      <UniqueIdentifier>{3d74b8d8-52a9-4991-b942-965a790830a0}</UniqueIdentifier>
      <Extensions>h;hpp;hxx;hm;inl</Extensions>
    </Filter>
    <Filter Include="Header Files\SceneObjects.">
      <UniqueIdentifier>{0610ec8f-7636-44fc-83a5-dddf0f7a5ec7}</UniqueIdentifier>
      <Extensions>h;hpp;hxx;hm;inl</Extensions>
    </Filter>
    <Filter Include="Resource Files">
      <UniqueIdentifier>{4756c8c2-8c83-4a42-802e-cef43b35be74}</UniqueIdentifier>
      <Extensions>ico;cur;bmp;dlg;rc2;rct;bin;rgs;gif;jpg;jpeg;jpe</Extensions>
    </Filter>
  </ItemGroup>
  <ItemGroup>
    <ClCompile Include="src\getopt.cpp">
      <Filter>Source Files</Filter>
    </ClCompile>
    <ClCompile Include="src\main.cpp">
      <Filter>Source Files</Filter>
    </ClCompile>
    <ClCompile Include="src\RayTracer.cpp">
      <Filter>Source Files</Filter>
    </ClCompile>
    <ClCompile Include="src\ui\TraceGLWindow.cpp">
      <Filter>Source Files\ui</Filter>
    </ClCompile>
    <ClCompile Include="src\ui\TraceUI.cpp">
      <Filter>Source Files\ui</Filter>
    </ClCompile>
    <ClCompile Include="src\fileio\bitmap.cpp">
      <Filter>Source Files\fileio</Filter>
    </ClCompile>
    <ClCompile Include="src\fileio\parse.cpp">
      <Filter>Source Files\fileio</Filter>
    </ClCompile>
    <ClCompile Include="src\fileio\read.cpp">
      <Filter>Source Files\fileio</Filter>
    </ClCompile>
    <ClCompile Include="src\vecmath\vecmath.cpp">
      <Filter>Source Files\vecmath</Filter>
    </ClCompile>
    <ClCompile Include="src\scene\camera.cpp">
      <Filter>Source Files\scene</Filter>
    </ClCompile>
    <ClCompile Include="src\scene\light.cpp">
      <Filter>Source Files\scene</Filter>
    </ClCompile>
    <ClCompile Include="src\scene\material.cpp">
      <Filter>Source Files\scene</Filter>
    </ClCompile>
    <ClCompile Include="src\scene\ray.cpp">
      <Filter>Source Files\scene</Filter>
    </ClCompile>
    <ClCompile Include="src\scene\scene.cpp">
      <Filter>Source Files\scene</Filter>
    </ClCompile>
    <ClCompile Include="src\SceneObjects\Box.cpp">
      <Filter>Source Files\SceneObjects</Filter>
    </ClCompile>
    <ClCompile Include="src\SceneObjects\Cone.cpp">
      <Filter>Source Files\SceneObjects</Filter>
    </ClCompile>
    <ClCompile Include="src\SceneObjects\Cylinder.cpp">
      <Filter>Source Files\SceneObjects</Filter>
    </ClCompile>
    <ClCompile Include="src\SceneObjects\Sphere.cpp">
      <Filter>Source Files\SceneObjects</Filter>
    </ClCompile>
    <ClCompile Include="src\SceneObjects\Square.cpp">
      <Filter>Source Files\SceneObjects</Filter>
    </ClCompile>
    <ClCompile Include="src\SceneObjects\trimesh.cpp">
      <Filter>Source Files\SceneObjects</Filter>
    </ClCompile>
  </ItemGroup>
  <ItemGroup>
    <ClInclude Include="src\RayTracer.h">
      <Filter>Header Files</Filter>
    </ClInclude>
    <ClInclude Include="src\ui\TraceGLWindow.h">
      <Filter>Header Files\ui.</Filter>
    </ClInclude>
    <ClInclude Include="src\ui\TraceUI.h">
      <Filter>Header Files\ui.</Filter>
    </ClInclude>
    <ClInclude Include="src\fileio\bitmap.h">
      <Filter>Header Files\fileio.</Filter>
    </ClInclude>
    <ClInclude Include="src\fileio\parse.h">
      <Filter>Header Files\fileio.</Filter>
    </ClInclude>
    <ClInclude Include="src\fileio\read.h">
      <Filter>Header Files\fileio.</Filter>
    </ClInclude>
    <ClInclude Include="src\vecmath\vecmath.h">
      <Filter>Header Files\vecmath.</Filter>
    </ClInclude>
    <ClInclude Include="src\scene\camera.h">
      <Filter>Header Files\scene.</Filter>
    </ClInclude>
    <ClInclude Include="src\scene\light.h">
      <Filter>Header Files\scene.</Filter>
    </ClInclude>
    <ClInclude Include="src\scene\material.h">
      <Filter>Header Files\scene.</Filter>
    </ClInclude>
    <ClInclude Include="src\scene\ray.h">
      <Filter>Header Files\scene.</Filter>
    </ClInclude>
    <ClInclude Include="src\scene\scene.h">
      <Filter>Header Files\scene.</Filter>
    </ClInclude>
    <ClInclude Include="src\SceneObjects\Box.h">
      <Filter>Header Files\SceneObjects.</Filter>
    </ClInclude>
    <ClInclude Include="src\SceneObjects\Cone.h">
      <Filter>Header Files\SceneObjects.</Filter>
    </ClInclude>
    <ClInclude Include="src\SceneObjects\Cylinder.h">
      <Filter>Header Files\SceneObjects.</Filter>
    </ClInclude>
    <ClInclude Include="src\SceneObjects\Sphere.h">
      <Filter>Header Files\SceneObjects.</Filter>
    </ClInclude>
    <ClInclude Include="src\SceneObjects\Square.h">
      <Filter>Header Files\SceneObjects.</Filter>
    </ClInclude>
    <ClInclude Include="src\SceneObjects\trimesh.h">
      <Filter>Header Files\SceneObjects.</Filter>
    </ClInclude>
  </ItemGroup>
  <ItemGroup>
    <None Include="Makefile" />
  </ItemGroup>
</Project>